
Microsoft Visual Studio Solution File, Format Version 12.00
# Visual Studio Version 16
VisualStudioVersion = 16.0.29911.84
MinimumVisualStudioVersion = 10.0.40219.1
Project("{FAE04EC0-301F-11D3-BF4B-00C04F79EFBC}") = "WpfDiagram", "WpfDiagram\WpfDiagram.csproj", "{A944E333-7598-4555-95FA-7ACFD7F79A61}"
EndProject
Global
	GlobalSection(SolutionConfigurationPlatforms) = preSolution
		Debug|Any CPU = Debug|Any CPU
		Release|Any CPU = Release|Any CPU
	EndGlobalSection
	GlobalSection(ProjectConfigurationPlatforms) = postSolution
		{A944E333-7598-4555-95FA-7ACFD7F79A61}.Debug|Any CPU.ActiveCfg = Debug|Any CPU
		{A944E333-7598-4555-95FA-7ACFD7F79A61}.Debug|Any CPU.Build.0 = Debug|Any CPU
		{A944E333-7598-4555-95FA-7ACFD7F79A61}.Release|Any CPU.ActiveCfg = Release|Any CPU
		{A944E333-7598-4555-95FA-7ACFD7F79A61}.Release|Any CPU.Build.0 = Release|Any CPU
	EndGlobalSection
	GlobalSection(SolutionProperties) = preSolution
		HideSolutionNode = FALSE
	EndGlobalSection
	GlobalSection(ExtensibilityGlobals) = postSolution
		SolutionGuid = {0B20B84E-2125-42C7-9C8D-88DECB6C9E1B}
	EndGlobalSection
EndGlobal
