
Microsoft Visual Studio Solution File, Format Version 12.00
# Visual Studio Version 16
VisualStudioVersion = 16.0.29911.84
MinimumVisualStudioVersion = 10.0.40219.1
Project("{9A19103F-16F7-4668-BE54-9A1E7A4F7556}") = "WpfDiagram", "WpfDiagram\WpfDiagram.csproj", "{A944E333-7598-4555-95FA-7ACFD7F79A61}"
EndProject
Project("{9A19103F-16F7-4668-BE54-9A1E7A4F7556}") = "WpfDiagramViewer", "WpfDiagramViewer\WpfDiagramViewer.csproj", "{72BF7D91-FC29-4AB2-BCDB-462841A2CC5C}"
EndProject
Project("{9A19103F-16F7-4668-BE54-9A1E7A4F7556}") = "WpfDiagram.Core", "WpfDiagram.Core\WpfDiagram.Core.csproj", "{BCC9AD0D-655E-464D-B7C5-DFA24ECAC13A}"
EndProject
Project("{9A19103F-16F7-4668-BE54-9A1E7A4F7556}") = "ModelingObject", "ModelingObject\ModelingObject.csproj", "{B4137E23-6311-417B-8F6F-79D2D4AAACC1}"
EndProject
Project("{FAE04EC0-301F-11D3-BF4B-00C04F79EFBC}") = "WpfDiagram.CustomControl", "WpfDiagram.CustomControl\WpfDiagram.CustomControl.csproj", "{A7A8DEB7-5205-4D3D-924C-8D99BB3B4A3E}"
EndProject
Global
	GlobalSection(SolutionConfigurationPlatforms) = preSolution
		Debug|Any CPU = Debug|Any CPU
		Release|Any CPU = Release|Any CPU
	EndGlobalSection
	GlobalSection(ProjectConfigurationPlatforms) = postSolution
		{A944E333-7598-4555-95FA-7ACFD7F79A61}.Debug|Any CPU.ActiveCfg = Debug|Any CPU
		{A944E333-7598-4555-95FA-7ACFD7F79A61}.Debug|Any CPU.Build.0 = Debug|Any CPU
		{A944E333-7598-4555-95FA-7ACFD7F79A61}.Release|Any CPU.ActiveCfg = Release|Any CPU
		{A944E333-7598-4555-95FA-7ACFD7F79A61}.Release|Any CPU.Build.0 = Release|Any CPU
		{72BF7D91-FC29-4AB2-BCDB-462841A2CC5C}.Debug|Any CPU.ActiveCfg = Debug|Any CPU
		{72BF7D91-FC29-4AB2-BCDB-462841A2CC5C}.Debug|Any CPU.Build.0 = Debug|Any CPU
		{72BF7D91-FC29-4AB2-BCDB-462841A2CC5C}.Release|Any CPU.ActiveCfg = Release|Any CPU
		{72BF7D91-FC29-4AB2-BCDB-462841A2CC5C}.Release|Any CPU.Build.0 = Release|Any CPU
		{BCC9AD0D-655E-464D-B7C5-DFA24ECAC13A}.Debug|Any CPU.ActiveCfg = Debug|Any CPU
		{BCC9AD0D-655E-464D-B7C5-DFA24ECAC13A}.Debug|Any CPU.Build.0 = Debug|Any CPU
		{BCC9AD0D-655E-464D-B7C5-DFA24ECAC13A}.Release|Any CPU.ActiveCfg = Release|Any CPU
		{BCC9AD0D-655E-464D-B7C5-DFA24ECAC13A}.Release|Any CPU.Build.0 = Release|Any CPU
		{B4137E23-6311-417B-8F6F-79D2D4AAACC1}.Debug|Any CPU.ActiveCfg = Debug|Any CPU
		{B4137E23-6311-417B-8F6F-79D2D4AAACC1}.Debug|Any CPU.Build.0 = Debug|Any CPU
		{B4137E23-6311-417B-8F6F-79D2D4AAACC1}.Release|Any CPU.ActiveCfg = Release|Any CPU
		{B4137E23-6311-417B-8F6F-79D2D4AAACC1}.Release|Any CPU.Build.0 = Release|Any CPU
		{A7A8DEB7-5205-4D3D-924C-8D99BB3B4A3E}.Debug|Any CPU.ActiveCfg = Debug|Any CPU
		{A7A8DEB7-5205-4D3D-924C-8D99BB3B4A3E}.Debug|Any CPU.Build.0 = Debug|Any CPU
		{A7A8DEB7-5205-4D3D-924C-8D99BB3B4A3E}.Release|Any CPU.ActiveCfg = Release|Any CPU
		{A7A8DEB7-5205-4D3D-924C-8D99BB3B4A3E}.Release|Any CPU.Build.0 = Release|Any CPU
	EndGlobalSection
	GlobalSection(SolutionProperties) = preSolution
		HideSolutionNode = FALSE
	EndGlobalSection
	GlobalSection(ExtensibilityGlobals) = postSolution
		SolutionGuid = {0B20B84E-2125-42C7-9C8D-88DECB6C9E1B}
	EndGlobalSection
EndGlobal
